// !$*UTF8*$!
{
	archiveVersion = 1;
	classes = {
	};
	objectVersion = 51;
	objects = {

/* Begin PBXBuildFile section */
		DD1AAE1F274B78DD00589CD3 /* TitleHeaderCollectionReusableView.swift in Sources */ = {isa = PBXBuildFile; fileRef = DD1AAE1E274B78DD00589CD3 /* TitleHeaderCollectionReusableView.swift */; };
		DD1AAE21274B7EE100589CD3 /* AlbumTrackCollectionViewCell.swift in Sources */ = {isa = PBXBuildFile; fileRef = DD1AAE20274B7EE100589CD3 /* AlbumTrackCollectionViewCell.swift */; };
		DD1AAE23274B816300589CD3 /* AlbumCollectionViewCellViewModel.swift in Sources */ = {isa = PBXBuildFile; fileRef = DD1AAE22274B816300589CD3 /* AlbumCollectionViewCellViewModel.swift */; };
		DD1AAE25274B8C8700589CD3 /* GenreCollectionViewCell.swift in Sources */ = {isa = PBXBuildFile; fileRef = DD1AAE24274B8C8700589CD3 /* GenreCollectionViewCell.swift */; };
		DD1AAE27274BE8DB00589CD3 /* AllCategoriesResponse.swift in Sources */ = {isa = PBXBuildFile; fileRef = DD1AAE26274BE8DB00589CD3 /* AllCategoriesResponse.swift */; };
		DD1AAE29274C0F1500589CD3 /* CategoryCollectionViewCellViewModel.swift in Sources */ = {isa = PBXBuildFile; fileRef = DD1AAE28274C0F1500589CD3 /* CategoryCollectionViewCellViewModel.swift */; };
		DD1AAE2B274C10B100589CD3 /* CategoryViewController.swift in Sources */ = {isa = PBXBuildFile; fileRef = DD1AAE2A274C10B100589CD3 /* CategoryViewController.swift */; };
		DD2A502F26D905C90059F2C7 /* FeaturePlaylistCellViewModel.swift in Sources */ = {isa = PBXBuildFile; fileRef = DD2A502E26D905C90059F2C7 /* FeaturePlaylistCellViewModel.swift */; };
		DD2A503126D906170059F2C7 /* RecommendedTrackCellViewModel.swift in Sources */ = {isa = PBXBuildFile; fileRef = DD2A503026D906170059F2C7 /* RecommendedTrackCellViewModel.swift */; };
		DD2A503326DA2AD00059F2C7 /* AlbumViewController.swift in Sources */ = {isa = PBXBuildFile; fileRef = DD2A503226DA2AD00059F2C7 /* AlbumViewController.swift */; };
		DD2A503526DAD5B10059F2C7 /* AlbumDetailResponse.swift in Sources */ = {isa = PBXBuildFile; fileRef = DD2A503426DAD5B10059F2C7 /* AlbumDetailResponse.swift */; };
		DD38EE722647E5F900FDFBEB /* NewReleaseCollectionViewCell.swift in Sources */ = {isa = PBXBuildFile; fileRef = DD38EE712647E5F900FDFBEB /* NewReleaseCollectionViewCell.swift */; };
		DD38EE752647E61100FDFBEB /* FeaturePlaylistCollectionViewCell.swift in Sources */ = {isa = PBXBuildFile; fileRef = DD38EE742647E61100FDFBEB /* FeaturePlaylistCollectionViewCell.swift */; };
		DD38EE782647E61D00FDFBEB /* RecommendedTrackCollectionViewCell.swift in Sources */ = {isa = PBXBuildFile; fileRef = DD38EE772647E61D00FDFBEB /* RecommendedTrackCollectionViewCell.swift */; };
		DD38EE7B2647E74100FDFBEB /* NewReleasesCellViewModel.swift in Sources */ = {isa = PBXBuildFile; fileRef = DD38EE7A2647E74100FDFBEB /* NewReleasesCellViewModel.swift */; };
		DD425D85274A503200E6BA95 /* PlaylistHeaderCollectionReusableView.swift in Sources */ = {isa = PBXBuildFile; fileRef = DD425D84274A503200E6BA95 /* PlaylistHeaderCollectionReusableView.swift */; };
		DD425D87274A536B00E6BA95 /* PlaylistHeaderViewViewModel.swift in Sources */ = {isa = PBXBuildFile; fileRef = DD425D86274A536B00E6BA95 /* PlaylistHeaderViewViewModel.swift */; };
		DD9C6741263BDFE100BC40E3 /* AppDelegate.swift in Sources */ = {isa = PBXBuildFile; fileRef = DD9C6740263BDFE100BC40E3 /* AppDelegate.swift */; };
		DD9C6743263BDFE100BC40E3 /* SceneDelegate.swift in Sources */ = {isa = PBXBuildFile; fileRef = DD9C6742263BDFE100BC40E3 /* SceneDelegate.swift */; };
		DD9C6745263BDFE100BC40E3 /* HomeViewController.swift in Sources */ = {isa = PBXBuildFile; fileRef = DD9C6744263BDFE100BC40E3 /* HomeViewController.swift */; };
		DD9C674A263BDFE200BC40E3 /* Assets.xcassets in Resources */ = {isa = PBXBuildFile; fileRef = DD9C6749263BDFE200BC40E3 /* Assets.xcassets */; };
		DD9C674D263BDFE200BC40E3 /* LaunchScreen.storyboard in Resources */ = {isa = PBXBuildFile; fileRef = DD9C674B263BDFE200BC40E3 /* LaunchScreen.storyboard */; };
		DD9C675E263BE24C00BC40E3 /* TabBarViewController.swift in Sources */ = {isa = PBXBuildFile; fileRef = DD9C675D263BE24C00BC40E3 /* TabBarViewController.swift */; };
		DD9C6761263BE2DB00BC40E3 /* SearchViewController.swift in Sources */ = {isa = PBXBuildFile; fileRef = DD9C6760263BE2DB00BC40E3 /* SearchViewController.swift */; };
		DD9C6765263BE2F200BC40E3 /* LibraryViewController.swift in Sources */ = {isa = PBXBuildFile; fileRef = DD9C6764263BE2F200BC40E3 /* LibraryViewController.swift */; };
		DD9C676B263BE34400BC40E3 /* AuthViewController.swift in Sources */ = {isa = PBXBuildFile; fileRef = DD9C676A263BE34400BC40E3 /* AuthViewController.swift */; };
		DD9C676F263BE34F00BC40E3 /* WelcomViewController.swift in Sources */ = {isa = PBXBuildFile; fileRef = DD9C676E263BE34F00BC40E3 /* WelcomViewController.swift */; };
		DD9C6773263BE36100BC40E3 /* SettingsViewController.swift in Sources */ = {isa = PBXBuildFile; fileRef = DD9C6772263BE36100BC40E3 /* SettingsViewController.swift */; };
		DD9C6776263BE38900BC40E3 /* ProfileViewController.swift in Sources */ = {isa = PBXBuildFile; fileRef = DD9C6775263BE38900BC40E3 /* ProfileViewController.swift */; };
		DD9C677A263BE39900BC40E3 /* PlayerViewController.swift in Sources */ = {isa = PBXBuildFile; fileRef = DD9C6779263BE39900BC40E3 /* PlayerViewController.swift */; };
		DD9C677D263BE3AA00BC40E3 /* PlaylistViewController.swift in Sources */ = {isa = PBXBuildFile; fileRef = DD9C677C263BE3AA00BC40E3 /* PlaylistViewController.swift */; };
		DD9C6780263BE3BB00BC40E3 /* SearchResultsViewController.swift in Sources */ = {isa = PBXBuildFile; fileRef = DD9C677F263BE3BB00BC40E3 /* SearchResultsViewController.swift */; };
		DD9C6783263BE3DB00BC40E3 /* AuthManager.swift in Sources */ = {isa = PBXBuildFile; fileRef = DD9C6782263BE3DB00BC40E3 /* AuthManager.swift */; };
		DD9C6786263BE3ED00BC40E3 /* APICaller.swift in Sources */ = {isa = PBXBuildFile; fileRef = DD9C6785263BE3ED00BC40E3 /* APICaller.swift */; };
		DD9C678A263BE40E00BC40E3 /* HapticsManager.swift in Sources */ = {isa = PBXBuildFile; fileRef = DD9C6789263BE40E00BC40E3 /* HapticsManager.swift */; };
		DD9C678D263BE45200BC40E3 /* Playlist.swift in Sources */ = {isa = PBXBuildFile; fileRef = DD9C678C263BE45200BC40E3 /* Playlist.swift */; };
		DD9C6791263BE45C00BC40E3 /* AudioTrack.swift in Sources */ = {isa = PBXBuildFile; fileRef = DD9C6790263BE45C00BC40E3 /* AudioTrack.swift */; };
		DD9C6794263BE46900BC40E3 /* Artist.swift in Sources */ = {isa = PBXBuildFile; fileRef = DD9C6793263BE46900BC40E3 /* Artist.swift */; };
		DD9C6797263BE47500BC40E3 /* UserProfile.swift in Sources */ = {isa = PBXBuildFile; fileRef = DD9C6796263BE47500BC40E3 /* UserProfile.swift */; };
		DD9C679B263BF3FE00BC40E3 /* Extensions.swift in Sources */ = {isa = PBXBuildFile; fileRef = DD9C679A263BF3FE00BC40E3 /* Extensions.swift */; };
		DD9C679F263C3A4200BC40E3 /* AuthResponse.swift in Sources */ = {isa = PBXBuildFile; fileRef = DD9C679E263C3A4200BC40E3 /* AuthResponse.swift */; };
		DD9C67A3263C603300BC40E3 /* SettingsModel.swift in Sources */ = {isa = PBXBuildFile; fileRef = DD9C67A2263C603300BC40E3 /* SettingsModel.swift */; };
		DDC44674263EA22C00EF8EE8 /* NewReleasesResponse.swift in Sources */ = {isa = PBXBuildFile; fileRef = DDC44673263EA22C00EF8EE8 /* NewReleasesResponse.swift */; };
		DDC44677263EA30100EF8EE8 /* APIImage.swift in Sources */ = {isa = PBXBuildFile; fileRef = DDC44676263EA30100EF8EE8 /* APIImage.swift */; };
		DDC4467B263EA72300EF8EE8 /* FeaturedPleaylistsResponse.swift in Sources */ = {isa = PBXBuildFile; fileRef = DDC4467A263EA72300EF8EE8 /* FeaturedPleaylistsResponse.swift */; };
		DDC4467E263EAE5500EF8EE8 /* RecommendedGenresResponse.swift in Sources */ = {isa = PBXBuildFile; fileRef = DDC4467D263EAE5500EF8EE8 /* RecommendedGenresResponse.swift */; };
		DDC44691263EB53800EF8EE8 /* RecommendationsResponse.swift in Sources */ = {isa = PBXBuildFile; fileRef = DDC44690263EB53800EF8EE8 /* RecommendationsResponse.swift */; };
		DDCEC465274CF70600112079 /* SearchResultResponse.swift in Sources */ = {isa = PBXBuildFile; fileRef = DDCEC464274CF70600112079 /* SearchResultResponse.swift */; };
		DDCEC467274CFA3400112079 /* SearchResult.swift in Sources */ = {isa = PBXBuildFile; fileRef = DDCEC466274CFA3400112079 /* SearchResult.swift */; };
		DDCEC46A274F702800112079 /* SearchResultDefaultTableViewCell.swift in Sources */ = {isa = PBXBuildFile; fileRef = DDCEC469274F702800112079 /* SearchResultDefaultTableViewCell.swift */; };
		DDCEC46C274F72A500112079 /* SearchResultDefaultTableViewCellViewModel.swift in Sources */ = {isa = PBXBuildFile; fileRef = DDCEC46B274F72A500112079 /* SearchResultDefaultTableViewCellViewModel.swift */; };
		DDCEC46E274F761D00112079 /* SearchResultSubtitleViewCell.swift in Sources */ = {isa = PBXBuildFile; fileRef = DDCEC46D274F761D00112079 /* SearchResultSubtitleViewCell.swift */; };
		DDCEC470274F778C00112079 /* SearchResultSubtitleViewCellViewModel.swift in Sources */ = {isa = PBXBuildFile; fileRef = DDCEC46F274F778C00112079 /* SearchResultSubtitleViewCellViewModel.swift */; };
		DDCEC474274F7E5700112079 /* PlayBackPresenter.swift in Sources */ = {isa = PBXBuildFile; fileRef = DDCEC473274F7E5700112079 /* PlayBackPresenter.swift */; };
		DDCEC476274F88CC00112079 /* PlayerControlsView.swift in Sources */ = {isa = PBXBuildFile; fileRef = DDCEC475274F88CC00112079 /* PlayerControlsView.swift */; };
		DDF84404274909EC0003DFA3 /* PlaylistDetailsResponse.swift in Sources */ = {isa = PBXBuildFile; fileRef = DDF84403274909EC0003DFA3 /* PlaylistDetailsResponse.swift */; };
		EEF936C20A43A24DA900A09C /* Pods_Spotify.framework in Frameworks */ = {isa = PBXBuildFile; fileRef = BED302B9343BDCC04FAF3AEC /* Pods_Spotify.framework */; };
/* End PBXBuildFile section */

/* Begin PBXFileReference section */
		034BD7A0DE9749F4045AF23B /* Pods-Spotify.release.xcconfig */ = {isa = PBXFileReference; includeInIndex = 1; lastKnownFileType = text.xcconfig; name = "Pods-Spotify.release.xcconfig"; path = "Target Support Files/Pods-Spotify/Pods-Spotify.release.xcconfig"; sourceTree = "<group>"; };
		BED302B9343BDCC04FAF3AEC /* Pods_Spotify.framework */ = {isa = PBXFileReference; explicitFileType = wrapper.framework; includeInIndex = 0; path = Pods_Spotify.framework; sourceTree = BUILT_PRODUCTS_DIR; };
		D60F674A22CF1C284D9728E6 /* Pods-Spotify.debug.xcconfig */ = {isa = PBXFileReference; includeInIndex = 1; lastKnownFileType = text.xcconfig; name = "Pods-Spotify.debug.xcconfig"; path = "Target Support Files/Pods-Spotify/Pods-Spotify.debug.xcconfig"; sourceTree = "<group>"; };
		DD1AAE1E274B78DD00589CD3 /* TitleHeaderCollectionReusableView.swift */ = {isa = PBXFileReference; lastKnownFileType = sourcecode.swift; path = TitleHeaderCollectionReusableView.swift; sourceTree = "<group>"; };
		DD1AAE20274B7EE100589CD3 /* AlbumTrackCollectionViewCell.swift */ = {isa = PBXFileReference; lastKnownFileType = sourcecode.swift; path = AlbumTrackCollectionViewCell.swift; sourceTree = "<group>"; };
		DD1AAE22274B816300589CD3 /* AlbumCollectionViewCellViewModel.swift */ = {isa = PBXFileReference; lastKnownFileType = sourcecode.swift; path = AlbumCollectionViewCellViewModel.swift; sourceTree = "<group>"; };
		DD1AAE24274B8C8700589CD3 /* GenreCollectionViewCell.swift */ = {isa = PBXFileReference; lastKnownFileType = sourcecode.swift; path = GenreCollectionViewCell.swift; sourceTree = "<group>"; };
		DD1AAE26274BE8DB00589CD3 /* AllCategoriesResponse.swift */ = {isa = PBXFileReference; lastKnownFileType = sourcecode.swift; path = AllCategoriesResponse.swift; sourceTree = "<group>"; };
		DD1AAE28274C0F1500589CD3 /* CategoryCollectionViewCellViewModel.swift */ = {isa = PBXFileReference; lastKnownFileType = sourcecode.swift; path = CategoryCollectionViewCellViewModel.swift; sourceTree = "<group>"; };
		DD1AAE2A274C10B100589CD3 /* CategoryViewController.swift */ = {isa = PBXFileReference; lastKnownFileType = sourcecode.swift; path = CategoryViewController.swift; sourceTree = "<group>"; };
		DD2A502E26D905C90059F2C7 /* FeaturePlaylistCellViewModel.swift */ = {isa = PBXFileReference; lastKnownFileType = sourcecode.swift; path = FeaturePlaylistCellViewModel.swift; sourceTree = "<group>"; };
		DD2A503026D906170059F2C7 /* RecommendedTrackCellViewModel.swift */ = {isa = PBXFileReference; lastKnownFileType = sourcecode.swift; path = RecommendedTrackCellViewModel.swift; sourceTree = "<group>"; };
		DD2A503226DA2AD00059F2C7 /* AlbumViewController.swift */ = {isa = PBXFileReference; lastKnownFileType = sourcecode.swift; path = AlbumViewController.swift; sourceTree = "<group>"; };
		DD2A503426DAD5B10059F2C7 /* AlbumDetailResponse.swift */ = {isa = PBXFileReference; lastKnownFileType = sourcecode.swift; path = AlbumDetailResponse.swift; sourceTree = "<group>"; };
		DD38EE712647E5F900FDFBEB /* NewReleaseCollectionViewCell.swift */ = {isa = PBXFileReference; lastKnownFileType = sourcecode.swift; path = NewReleaseCollectionViewCell.swift; sourceTree = "<group>"; };
		DD38EE742647E61100FDFBEB /* FeaturePlaylistCollectionViewCell.swift */ = {isa = PBXFileReference; lastKnownFileType = sourcecode.swift; path = FeaturePlaylistCollectionViewCell.swift; sourceTree = "<group>"; };
		DD38EE772647E61D00FDFBEB /* RecommendedTrackCollectionViewCell.swift */ = {isa = PBXFileReference; lastKnownFileType = sourcecode.swift; path = RecommendedTrackCollectionViewCell.swift; sourceTree = "<group>"; };
		DD38EE7A2647E74100FDFBEB /* NewReleasesCellViewModel.swift */ = {isa = PBXFileReference; lastKnownFileType = sourcecode.swift; path = NewReleasesCellViewModel.swift; sourceTree = "<group>"; };
		DD425D84274A503200E6BA95 /* PlaylistHeaderCollectionReusableView.swift */ = {isa = PBXFileReference; lastKnownFileType = sourcecode.swift; path = PlaylistHeaderCollectionReusableView.swift; sourceTree = "<group>"; };
		DD425D86274A536B00E6BA95 /* PlaylistHeaderViewViewModel.swift */ = {isa = PBXFileReference; lastKnownFileType = sourcecode.swift; path = PlaylistHeaderViewViewModel.swift; sourceTree = "<group>"; };
		DD9C673D263BDFE100BC40E3 /* Spotify.app */ = {isa = PBXFileReference; explicitFileType = wrapper.application; includeInIndex = 0; path = Spotify.app; sourceTree = BUILT_PRODUCTS_DIR; };
		DD9C6740263BDFE100BC40E3 /* AppDelegate.swift */ = {isa = PBXFileReference; lastKnownFileType = sourcecode.swift; path = AppDelegate.swift; sourceTree = "<group>"; };
		DD9C6742263BDFE100BC40E3 /* SceneDelegate.swift */ = {isa = PBXFileReference; lastKnownFileType = sourcecode.swift; path = SceneDelegate.swift; sourceTree = "<group>"; };
		DD9C6744263BDFE100BC40E3 /* HomeViewController.swift */ = {isa = PBXFileReference; lastKnownFileType = sourcecode.swift; path = HomeViewController.swift; sourceTree = "<group>"; };
		DD9C6749263BDFE200BC40E3 /* Assets.xcassets */ = {isa = PBXFileReference; lastKnownFileType = folder.assetcatalog; path = Assets.xcassets; sourceTree = "<group>"; };
		DD9C674C263BDFE200BC40E3 /* Base */ = {isa = PBXFileReference; lastKnownFileType = file.storyboard; name = Base; path = Base.lproj/LaunchScreen.storyboard; sourceTree = "<group>"; };
		DD9C674E263BDFE200BC40E3 /* Info.plist */ = {isa = PBXFileReference; lastKnownFileType = text.plist.xml; path = Info.plist; sourceTree = "<group>"; };
		DD9C675D263BE24C00BC40E3 /* TabBarViewController.swift */ = {isa = PBXFileReference; lastKnownFileType = sourcecode.swift; path = TabBarViewController.swift; sourceTree = "<group>"; };
		DD9C6760263BE2DB00BC40E3 /* SearchViewController.swift */ = {isa = PBXFileReference; lastKnownFileType = sourcecode.swift; path = SearchViewController.swift; sourceTree = "<group>"; };
		DD9C6764263BE2F200BC40E3 /* LibraryViewController.swift */ = {isa = PBXFileReference; lastKnownFileType = sourcecode.swift; path = LibraryViewController.swift; sourceTree = "<group>"; };
		DD9C676A263BE34400BC40E3 /* AuthViewController.swift */ = {isa = PBXFileReference; lastKnownFileType = sourcecode.swift; path = AuthViewController.swift; sourceTree = "<group>"; };
		DD9C676E263BE34F00BC40E3 /* WelcomViewController.swift */ = {isa = PBXFileReference; lastKnownFileType = sourcecode.swift; path = WelcomViewController.swift; sourceTree = "<group>"; };
		DD9C6772263BE36100BC40E3 /* SettingsViewController.swift */ = {isa = PBXFileReference; lastKnownFileType = sourcecode.swift; path = SettingsViewController.swift; sourceTree = "<group>"; };
		DD9C6775263BE38900BC40E3 /* ProfileViewController.swift */ = {isa = PBXFileReference; lastKnownFileType = sourcecode.swift; path = ProfileViewController.swift; sourceTree = "<group>"; };
		DD9C6779263BE39900BC40E3 /* PlayerViewController.swift */ = {isa = PBXFileReference; lastKnownFileType = sourcecode.swift; path = PlayerViewController.swift; sourceTree = "<group>"; };
		DD9C677C263BE3AA00BC40E3 /* PlaylistViewController.swift */ = {isa = PBXFileReference; lastKnownFileType = sourcecode.swift; path = PlaylistViewController.swift; sourceTree = "<group>"; };
		DD9C677F263BE3BB00BC40E3 /* SearchResultsViewController.swift */ = {isa = PBXFileReference; lastKnownFileType = sourcecode.swift; path = SearchResultsViewController.swift; sourceTree = "<group>"; };
		DD9C6782263BE3DB00BC40E3 /* AuthManager.swift */ = {isa = PBXFileReference; lastKnownFileType = sourcecode.swift; path = AuthManager.swift; sourceTree = "<group>"; };
		DD9C6785263BE3ED00BC40E3 /* APICaller.swift */ = {isa = PBXFileReference; lastKnownFileType = sourcecode.swift; path = APICaller.swift; sourceTree = "<group>"; };
		DD9C6789263BE40E00BC40E3 /* HapticsManager.swift */ = {isa = PBXFileReference; lastKnownFileType = sourcecode.swift; path = HapticsManager.swift; sourceTree = "<group>"; };
		DD9C678C263BE45200BC40E3 /* Playlist.swift */ = {isa = PBXFileReference; lastKnownFileType = sourcecode.swift; path = Playlist.swift; sourceTree = "<group>"; };
		DD9C6790263BE45C00BC40E3 /* AudioTrack.swift */ = {isa = PBXFileReference; lastKnownFileType = sourcecode.swift; path = AudioTrack.swift; sourceTree = "<group>"; };
		DD9C6793263BE46900BC40E3 /* Artist.swift */ = {isa = PBXFileReference; lastKnownFileType = sourcecode.swift; path = Artist.swift; sourceTree = "<group>"; };
		DD9C6796263BE47500BC40E3 /* UserProfile.swift */ = {isa = PBXFileReference; lastKnownFileType = sourcecode.swift; path = UserProfile.swift; sourceTree = "<group>"; };
		DD9C679A263BF3FE00BC40E3 /* Extensions.swift */ = {isa = PBXFileReference; lastKnownFileType = sourcecode.swift; path = Extensions.swift; sourceTree = "<group>"; };
		DD9C679E263C3A4200BC40E3 /* AuthResponse.swift */ = {isa = PBXFileReference; lastKnownFileType = sourcecode.swift; path = AuthResponse.swift; sourceTree = "<group>"; };
		DD9C67A2263C603300BC40E3 /* SettingsModel.swift */ = {isa = PBXFileReference; lastKnownFileType = sourcecode.swift; path = SettingsModel.swift; sourceTree = "<group>"; };
		DDC44673263EA22C00EF8EE8 /* NewReleasesResponse.swift */ = {isa = PBXFileReference; lastKnownFileType = sourcecode.swift; path = NewReleasesResponse.swift; sourceTree = "<group>"; };
		DDC44676263EA30100EF8EE8 /* APIImage.swift */ = {isa = PBXFileReference; lastKnownFileType = sourcecode.swift; path = APIImage.swift; sourceTree = "<group>"; };
		DDC4467A263EA72300EF8EE8 /* FeaturedPleaylistsResponse.swift */ = {isa = PBXFileReference; lastKnownFileType = sourcecode.swift; path = FeaturedPleaylistsResponse.swift; sourceTree = "<group>"; };
		DDC4467D263EAE5500EF8EE8 /* RecommendedGenresResponse.swift */ = {isa = PBXFileReference; lastKnownFileType = sourcecode.swift; path = RecommendedGenresResponse.swift; sourceTree = "<group>"; };
		DDC44690263EB53800EF8EE8 /* RecommendationsResponse.swift */ = {isa = PBXFileReference; lastKnownFileType = sourcecode.swift; path = RecommendationsResponse.swift; sourceTree = "<group>"; };
		DDCEC464274CF70600112079 /* SearchResultResponse.swift */ = {isa = PBXFileReference; lastKnownFileType = sourcecode.swift; path = SearchResultResponse.swift; sourceTree = "<group>"; };
		DDCEC466274CFA3400112079 /* SearchResult.swift */ = {isa = PBXFileReference; lastKnownFileType = sourcecode.swift; path = SearchResult.swift; sourceTree = "<group>"; };
		DDCEC469274F702800112079 /* SearchResultDefaultTableViewCell.swift */ = {isa = PBXFileReference; lastKnownFileType = sourcecode.swift; path = SearchResultDefaultTableViewCell.swift; sourceTree = "<group>"; };
		DDCEC46B274F72A500112079 /* SearchResultDefaultTableViewCellViewModel.swift */ = {isa = PBXFileReference; lastKnownFileType = sourcecode.swift; path = SearchResultDefaultTableViewCellViewModel.swift; sourceTree = "<group>"; };
		DDCEC46D274F761D00112079 /* SearchResultSubtitleViewCell.swift */ = {isa = PBXFileReference; lastKnownFileType = sourcecode.swift; path = SearchResultSubtitleViewCell.swift; sourceTree = "<group>"; };
		DDCEC46F274F778C00112079 /* SearchResultSubtitleViewCellViewModel.swift */ = {isa = PBXFileReference; lastKnownFileType = sourcecode.swift; path = SearchResultSubtitleViewCellViewModel.swift; sourceTree = "<group>"; };
		DDCEC473274F7E5700112079 /* PlayBackPresenter.swift */ = {isa = PBXFileReference; lastKnownFileType = sourcecode.swift; path = PlayBackPresenter.swift; sourceTree = "<group>"; };
		DDCEC475274F88CC00112079 /* PlayerControlsView.swift */ = {isa = PBXFileReference; lastKnownFileType = sourcecode.swift; path = PlayerControlsView.swift; sourceTree = "<group>"; };
		DDF84403274909EC0003DFA3 /* PlaylistDetailsResponse.swift */ = {isa = PBXFileReference; lastKnownFileType = sourcecode.swift; path = PlaylistDetailsResponse.swift; sourceTree = "<group>"; };
/* End PBXFileReference section */

/* Begin PBXFrameworksBuildPhase section */
		DD9C673A263BDFE100BC40E3 /* Frameworks */ = {
			isa = PBXFrameworksBuildPhase;
			buildActionMask = 2147483647;
			files = (
				EEF936C20A43A24DA900A09C /* Pods_Spotify.framework in Frameworks */,
			);
			runOnlyForDeploymentPostprocessing = 0;
		};
/* End PBXFrameworksBuildPhase section */

/* Begin PBXGroup section */
		C098768C91404E9B1C52A844 /* Pods */ = {
			isa = PBXGroup;
			children = (
				D60F674A22CF1C284D9728E6 /* Pods-Spotify.debug.xcconfig */,
				034BD7A0DE9749F4045AF23B /* Pods-Spotify.release.xcconfig */,
			);
			path = Pods;
			sourceTree = "<group>";
		};
		DD38EE702647E5B100FDFBEB /* Browse */ = {
			isa = PBXGroup;
			children = (
				DD38EE712647E5F900FDFBEB /* NewReleaseCollectionViewCell.swift */,
				DD38EE742647E61100FDFBEB /* FeaturePlaylistCollectionViewCell.swift */,
				DD38EE772647E61D00FDFBEB /* RecommendedTrackCollectionViewCell.swift */,
			);
			path = Browse;
			sourceTree = "<group>";
		};
		DD9C6734263BDFE100BC40E3 = {
			isa = PBXGroup;
			children = (
				DD9C673F263BDFE100BC40E3 /* Spotify */,
				DD9C673E263BDFE100BC40E3 /* Products */,
				C098768C91404E9B1C52A844 /* Pods */,
				DD9F99D68056853FBFA94787 /* Frameworks */,
			);
			sourceTree = "<group>";
		};
		DD9C673E263BDFE100BC40E3 /* Products */ = {
			isa = PBXGroup;
			children = (
				DD9C673D263BDFE100BC40E3 /* Spotify.app */,
			);
			name = Products;
			sourceTree = "<group>";
		};
		DD9C673F263BDFE100BC40E3 /* Spotify */ = {
			isa = PBXGroup;
			children = (
				DDCEC471274F7E4200112079 /* Presenter */,
				DD9C675A263BE04A00BC40E3 /* Resources */,
				DD9C6759263BE03600BC40E3 /* Managers */,
				DD9C6758263BE02E00BC40E3 /* Viewmodels */,
				DD9C6757263BE02600BC40E3 /* Models */,
				DD9C6756263BE02000BC40E3 /* Views */,
				DD9C6755263BE01800BC40E3 /* Controllers */,
				DD9C674E263BDFE200BC40E3 /* Info.plist */,
			);
			path = Spotify;
			sourceTree = "<group>";
		};
		DD9C6755263BE01800BC40E3 /* Controllers */ = {
			isa = PBXGroup;
			children = (
				DD9C6768263BE31700BC40E3 /* Core */,
				DD9C6767263BE2FC00BC40E3 /* Other */,
			);
			path = Controllers;
			sourceTree = "<group>";
		};
		DD9C6756263BE02000BC40E3 /* Views */ = {
			isa = PBXGroup;
			children = (
				DDCEC468274F6FE600112079 /* SearchResultCells */,
				DD38EE702647E5B100FDFBEB /* Browse */,
				DD9C674B263BDFE200BC40E3 /* LaunchScreen.storyboard */,
				DD425D84274A503200E6BA95 /* PlaylistHeaderCollectionReusableView.swift */,
				DD1AAE1E274B78DD00589CD3 /* TitleHeaderCollectionReusableView.swift */,
				DD1AAE20274B7EE100589CD3 /* AlbumTrackCollectionViewCell.swift */,
				DD1AAE24274B8C8700589CD3 /* GenreCollectionViewCell.swift */,
				DDCEC475274F88CC00112079 /* PlayerControlsView.swift */,
			);
			path = Views;
			sourceTree = "<group>";
		};
		DD9C6757263BE02600BC40E3 /* Models */ = {
			isa = PBXGroup;
			children = (
				DD9C678C263BE45200BC40E3 /* Playlist.swift */,
				DD9C6790263BE45C00BC40E3 /* AudioTrack.swift */,
				DD9C6793263BE46900BC40E3 /* Artist.swift */,
				DD9C6796263BE47500BC40E3 /* UserProfile.swift */,
				DDC44676263EA30100EF8EE8 /* APIImage.swift */,
				DD9C679E263C3A4200BC40E3 /* AuthResponse.swift */,
				DD9C67A2263C603300BC40E3 /* SettingsModel.swift */,
				DDC44673263EA22C00EF8EE8 /* NewReleasesResponse.swift */,
				DDC4467A263EA72300EF8EE8 /* FeaturedPleaylistsResponse.swift */,
				DDC4467D263EAE5500EF8EE8 /* RecommendedGenresResponse.swift */,
				DDC44690263EB53800EF8EE8 /* RecommendationsResponse.swift */,
				DD2A503426DAD5B10059F2C7 /* AlbumDetailResponse.swift */,
				DDF84403274909EC0003DFA3 /* PlaylistDetailsResponse.swift */,
				DD1AAE26274BE8DB00589CD3 /* AllCategoriesResponse.swift */,
				DDCEC464274CF70600112079 /* SearchResultResponse.swift */,
				DDCEC466274CFA3400112079 /* SearchResult.swift */,
			);
			path = Models;
			sourceTree = "<group>";
		};
		DD9C6758263BE02E00BC40E3 /* Viewmodels */ = {
			isa = PBXGroup;
			children = (
				DD38EE7A2647E74100FDFBEB /* NewReleasesCellViewModel.swift */,
				DD2A502E26D905C90059F2C7 /* FeaturePlaylistCellViewModel.swift */,
				DD2A503026D906170059F2C7 /* RecommendedTrackCellViewModel.swift */,
				DD425D86274A536B00E6BA95 /* PlaylistHeaderViewViewModel.swift */,
				DD1AAE22274B816300589CD3 /* AlbumCollectionViewCellViewModel.swift */,
				DD1AAE28274C0F1500589CD3 /* CategoryCollectionViewCellViewModel.swift */,
				DDCEC46B274F72A500112079 /* SearchResultDefaultTableViewCellViewModel.swift */,
				DDCEC46F274F778C00112079 /* SearchResultSubtitleViewCellViewModel.swift */,
			);
			path = Viewmodels;
			sourceTree = "<group>";
		};
		DD9C6759263BE03600BC40E3 /* Managers */ = {
			isa = PBXGroup;
			children = (
				DD9C6782263BE3DB00BC40E3 /* AuthManager.swift */,
				DD9C6785263BE3ED00BC40E3 /* APICaller.swift */,
				DD9C6789263BE40E00BC40E3 /* HapticsManager.swift */,
			);
			path = Managers;
			sourceTree = "<group>";
		};
		DD9C675A263BE04A00BC40E3 /* Resources */ = {
			isa = PBXGroup;
			children = (
				DD9C6740263BDFE100BC40E3 /* AppDelegate.swift */,
				DD9C6742263BDFE100BC40E3 /* SceneDelegate.swift */,
				DD9C6749263BDFE200BC40E3 /* Assets.xcassets */,
				DD9C679A263BF3FE00BC40E3 /* Extensions.swift */,
			);
			path = Resources;
			sourceTree = "<group>";
		};
		DD9C6767263BE2FC00BC40E3 /* Other */ = {
			isa = PBXGroup;
			children = (
				DD9C676A263BE34400BC40E3 /* AuthViewController.swift */,
				DD9C676E263BE34F00BC40E3 /* WelcomViewController.swift */,
				DD9C6772263BE36100BC40E3 /* SettingsViewController.swift */,
				DD9C6775263BE38900BC40E3 /* ProfileViewController.swift */,
				DD9C6779263BE39900BC40E3 /* PlayerViewController.swift */,
				DD9C677C263BE3AA00BC40E3 /* PlaylistViewController.swift */,
				DD9C677F263BE3BB00BC40E3 /* SearchResultsViewController.swift */,
				DD2A503226DA2AD00059F2C7 /* AlbumViewController.swift */,
				DD1AAE2A274C10B100589CD3 /* CategoryViewController.swift */,
			);
			path = Other;
			sourceTree = "<group>";
		};
		DD9C6768263BE31700BC40E3 /* Core */ = {
			isa = PBXGroup;
			children = (
				DD9C675D263BE24C00BC40E3 /* TabBarViewController.swift */,
				DD9C6744263BDFE100BC40E3 /* HomeViewController.swift */,
				DD9C6760263BE2DB00BC40E3 /* SearchViewController.swift */,
				DD9C6764263BE2F200BC40E3 /* LibraryViewController.swift */,
			);
			path = Core;
			sourceTree = "<group>";
		};
		DD9F99D68056853FBFA94787 /* Frameworks */ = {
			isa = PBXGroup;
			children = (
				BED302B9343BDCC04FAF3AEC /* Pods_Spotify.framework */,
			);
			name = Frameworks;
			sourceTree = "<group>";
		};
		DDCEC468274F6FE600112079 /* SearchResultCells */ = {
			isa = PBXGroup;
			children = (
				DDCEC469274F702800112079 /* SearchResultDefaultTableViewCell.swift */,
				DDCEC46D274F761D00112079 /* SearchResultSubtitleViewCell.swift */,
			);
			path = SearchResultCells;
			sourceTree = "<group>";
		};
		DDCEC471274F7E4200112079 /* Presenter */ = {
			isa = PBXGroup;
			children = (
				DDCEC473274F7E5700112079 /* PlayBackPresenter.swift */,
			);
			path = Presenter;
			sourceTree = "<group>";
		};
/* End PBXGroup section */

/* Begin PBXNativeTarget section */
		DD9C673C263BDFE100BC40E3 /* Spotify */ = {
			isa = PBXNativeTarget;
			buildConfigurationList = DD9C6751263BDFE200BC40E3 /* Build configuration list for PBXNativeTarget "Spotify" */;
			buildPhases = (
				3D6CE6969FAE4B81859CD68C /* [CP] Check Pods Manifest.lock */,
				DD9C6739263BDFE100BC40E3 /* Sources */,
				DD9C673A263BDFE100BC40E3 /* Frameworks */,
				DD9C673B263BDFE100BC40E3 /* Resources */,
				5A88071694EFD66281DA6C9F /* [CP] Embed Pods Frameworks */,
			);
			buildRules = (
			);
			dependencies = (
			);
			name = Spotify;
			productName = Spotify;
			productReference = DD9C673D263BDFE100BC40E3 /* Spotify.app */;
			productType = "com.apple.product-type.application";
		};
/* End PBXNativeTarget section */

/* Begin PBXProject section */
		DD9C6735263BDFE100BC40E3 /* Project object */ = {
			isa = PBXProject;
			attributes = {
				LastSwiftUpdateCheck = 1240;
				LastUpgradeCheck = 1240;
				TargetAttributes = {
					DD9C673C263BDFE100BC40E3 = {
						CreatedOnToolsVersion = 12.4;
					};
				};
			};
			buildConfigurationList = DD9C6738263BDFE100BC40E3 /* Build configuration list for PBXProject "Spotify" */;
			compatibilityVersion = "Xcode 9.3";
			developmentRegion = en;
			hasScannedForEncodings = 0;
			knownRegions = (
				en,
				Base,
			);
			mainGroup = DD9C6734263BDFE100BC40E3;
			productRefGroup = DD9C673E263BDFE100BC40E3 /* Products */;
			projectDirPath = "";
			projectRoot = "";
			targets = (
				DD9C673C263BDFE100BC40E3 /* Spotify */,
			);
		};
/* End PBXProject section */

/* Begin PBXResourcesBuildPhase section */
		DD9C673B263BDFE100BC40E3 /* Resources */ = {
			isa = PBXResourcesBuildPhase;
			buildActionMask = 2147483647;
			files = (
				DD9C674D263BDFE200BC40E3 /* LaunchScreen.storyboard in Resources */,
				DD9C674A263BDFE200BC40E3 /* Assets.xcassets in Resources */,
			);
			runOnlyForDeploymentPostprocessing = 0;
		};
/* End PBXResourcesBuildPhase section */

/* Begin PBXShellScriptBuildPhase section */
		3D6CE6969FAE4B81859CD68C /* [CP] Check Pods Manifest.lock */ = {
			isa = PBXShellScriptBuildPhase;
			buildActionMask = 2147483647;
			files = (
			);
			inputFileListPaths = (
			);
			inputPaths = (
				"${PODS_PODFILE_DIR_PATH}/Podfile.lock",
				"${PODS_ROOT}/Manifest.lock",
			);
			name = "[CP] Check Pods Manifest.lock";
			outputFileListPaths = (
			);
			outputPaths = (
				"$(DERIVED_FILE_DIR)/Pods-Spotify-checkManifestLockResult.txt",
			);
			runOnlyForDeploymentPostprocessing = 0;
			shellPath = /bin/sh;
			shellScript = "diff \"${PODS_PODFILE_DIR_PATH}/Podfile.lock\" \"${PODS_ROOT}/Manifest.lock\" > /dev/null\nif [ $? != 0 ] ; then\n    # print error to STDERR\n    echo \"error: The sandbox is not in sync with the Podfile.lock. Run 'pod install' or update your CocoaPods installation.\" >&2\n    exit 1\nfi\n# This output is used by Xcode 'outputs' to avoid re-running this script phase.\necho \"SUCCESS\" > \"${SCRIPT_OUTPUT_FILE_0}\"\n";
			showEnvVarsInLog = 0;
		};
		5A88071694EFD66281DA6C9F /* [CP] Embed Pods Frameworks */ = {
			isa = PBXShellScriptBuildPhase;
			buildActionMask = 2147483647;
			files = (
			);
			inputFileListPaths = (
				"${PODS_ROOT}/Target Support Files/Pods-Spotify/Pods-Spotify-frameworks-${CONFIGURATION}-input-files.xcfilelist",
			);
			name = "[CP] Embed Pods Frameworks";
			outputFileListPaths = (
				"${PODS_ROOT}/Target Support Files/Pods-Spotify/Pods-Spotify-frameworks-${CONFIGURATION}-output-files.xcfilelist",
			);
			runOnlyForDeploymentPostprocessing = 0;
			shellPath = /bin/sh;
			shellScript = "\"${PODS_ROOT}/Target Support Files/Pods-Spotify/Pods-Spotify-frameworks.sh\"\n";
			showEnvVarsInLog = 0;
		};
/* End PBXShellScriptBuildPhase section */

/* Begin PBXSourcesBuildPhase section */
		DD9C6739263BDFE100BC40E3 /* Sources */ = {
			isa = PBXSourcesBuildPhase;
			buildActionMask = 2147483647;
			files = (
				DD9C6786263BE3ED00BC40E3 /* APICaller.swift in Sources */,
				DDF84404274909EC0003DFA3 /* PlaylistDetailsResponse.swift in Sources */,
				DD9C678D263BE45200BC40E3 /* Playlist.swift in Sources */,
				DDCEC465274CF70600112079 /* SearchResultResponse.swift in Sources */,
				DD9C6761263BE2DB00BC40E3 /* SearchViewController.swift in Sources */,
				DD2A503526DAD5B10059F2C7 /* AlbumDetailResponse.swift in Sources */,
				DD38EE7B2647E74100FDFBEB /* NewReleasesCellViewModel.swift in Sources */,
				DD2A503126D906170059F2C7 /* RecommendedTrackCellViewModel.swift in Sources */,
				DD1AAE1F274B78DD00589CD3 /* TitleHeaderCollectionReusableView.swift in Sources */,
				DD1AAE2B274C10B100589CD3 /* CategoryViewController.swift in Sources */,
				DD1AAE27274BE8DB00589CD3 /* AllCategoriesResponse.swift in Sources */,
				DD38EE752647E61100FDFBEB /* FeaturePlaylistCollectionViewCell.swift in Sources */,
				DDCEC46E274F761D00112079 /* SearchResultSubtitleViewCell.swift in Sources */,
				DD425D87274A536B00E6BA95 /* PlaylistHeaderViewViewModel.swift in Sources */,
				DD2A503326DA2AD00059F2C7 /* AlbumViewController.swift in Sources */,
				DD9C6780263BE3BB00BC40E3 /* SearchResultsViewController.swift in Sources */,
				DD9C6797263BE47500BC40E3 /* UserProfile.swift in Sources */,
				DD9C675E263BE24C00BC40E3 /* TabBarViewController.swift in Sources */,
				DD2A502F26D905C90059F2C7 /* FeaturePlaylistCellViewModel.swift in Sources */,
				DDCEC46A274F702800112079 /* SearchResultDefaultTableViewCell.swift in Sources */,
				DD9C6776263BE38900BC40E3 /* ProfileViewController.swift in Sources */,
				DD38EE782647E61D00FDFBEB /* RecommendedTrackCollectionViewCell.swift in Sources */,
				DD9C6745263BDFE100BC40E3 /* HomeViewController.swift in Sources */,
				DDCEC476274F88CC00112079 /* PlayerControlsView.swift in Sources */,
				DD1AAE25274B8C8700589CD3 /* GenreCollectionViewCell.swift in Sources */,
				DD9C679F263C3A4200BC40E3 /* AuthResponse.swift in Sources */,
				DD1AAE21274B7EE100589CD3 /* AlbumTrackCollectionViewCell.swift in Sources */,
				DDCEC470274F778C00112079 /* SearchResultSubtitleViewCellViewModel.swift in Sources */,
				DDC44674263EA22C00EF8EE8 /* NewReleasesResponse.swift in Sources */,
				DDC44677263EA30100EF8EE8 /* APIImage.swift in Sources */,
				DDC44691263EB53800EF8EE8 /* RecommendationsResponse.swift in Sources */,
				DD9C678A263BE40E00BC40E3 /* HapticsManager.swift in Sources */,
				DDCEC46C274F72A500112079 /* SearchResultDefaultTableViewCellViewModel.swift in Sources */,
				DD9C6791263BE45C00BC40E3 /* AudioTrack.swift in Sources */,
				DD38EE722647E5F900FDFBEB /* NewReleaseCollectionViewCell.swift in Sources */,
				DD9C676F263BE34F00BC40E3 /* WelcomViewController.swift in Sources */,
				DDC4467E263EAE5500EF8EE8 /* RecommendedGenresResponse.swift in Sources */,
				DD9C67A3263C603300BC40E3 /* SettingsModel.swift in Sources */,
				DD425D85274A503200E6BA95 /* PlaylistHeaderCollectionReusableView.swift in Sources */,
				DDCEC467274CFA3400112079 /* SearchResult.swift in Sources */,
				DD9C676B263BE34400BC40E3 /* AuthViewController.swift in Sources */,
				DD9C6741263BDFE100BC40E3 /* AppDelegate.swift in Sources */,
				DD9C6765263BE2F200BC40E3 /* LibraryViewController.swift in Sources */,
				DDC4467B263EA72300EF8EE8 /* FeaturedPleaylistsResponse.swift in Sources */,
				DD9C6794263BE46900BC40E3 /* Artist.swift in Sources */,
				DD9C677D263BE3AA00BC40E3 /* PlaylistViewController.swift in Sources */,
				DD9C679B263BF3FE00BC40E3 /* Extensions.swift in Sources */,
				DD1AAE23274B816300589CD3 /* AlbumCollectionViewCellViewModel.swift in Sources */,
				DD9C6743263BDFE100BC40E3 /* SceneDelegate.swift in Sources */,
				DD9C6783263BE3DB00BC40E3 /* AuthManager.swift in Sources */,
				DD9C677A263BE39900BC40E3 /* PlayerViewController.swift in Sources */,
				DD1AAE29274C0F1500589CD3 /* CategoryCollectionViewCellViewModel.swift in Sources */,
				DD9C6773263BE36100BC40E3 /* SettingsViewController.swift in Sources */,
				DDCEC474274F7E5700112079 /* PlayBackPresenter.swift in Sources */,
			);
			runOnlyForDeploymentPostprocessing = 0;
		};
/* End PBXSourcesBuildPhase section */

/* Begin PBXVariantGroup section */
		DD9C674B263BDFE200BC40E3 /* LaunchScreen.storyboard */ = {
			isa = PBXVariantGroup;
			children = (
				DD9C674C263BDFE200BC40E3 /* Base */,
			);
			name = LaunchScreen.storyboard;
			sourceTree = "<group>";
		};
/* End PBXVariantGroup section */

/* Begin XCBuildConfiguration section */
		DD9C674F263BDFE200BC40E3 /* Debug */ = {
			isa = XCBuildConfiguration;
			buildSettings = {
				ALWAYS_SEARCH_USER_PATHS = NO;
				CLANG_ANALYZER_NONNULL = YES;
				CLANG_ANALYZER_NUMBER_OBJECT_CONVERSION = YES_AGGRESSIVE;
				CLANG_CXX_LANGUAGE_STANDARD = "gnu++14";
				CLANG_CXX_LIBRARY = "libc++";
				CLANG_ENABLE_MODULES = YES;
				CLANG_ENABLE_OBJC_ARC = YES;
				CLANG_ENABLE_OBJC_WEAK = YES;
				CLANG_WARN_BLOCK_CAPTURE_AUTORELEASING = YES;
				CLANG_WARN_BOOL_CONVERSION = YES;
				CLANG_WARN_COMMA = YES;
				CLANG_WARN_CONSTANT_CONVERSION = YES;
				CLANG_WARN_DEPRECATED_OBJC_IMPLEMENTATIONS = YES;
				CLANG_WARN_DIRECT_OBJC_ISA_USAGE = YES_ERROR;
				CLANG_WARN_DOCUMENTATION_COMMENTS = YES;
				CLANG_WARN_EMPTY_BODY = YES;
				CLANG_WARN_ENUM_CONVERSION = YES;
				CLANG_WARN_INFINITE_RECURSION = YES;
				CLANG_WARN_INT_CONVERSION = YES;
				CLANG_WARN_NON_LITERAL_NULL_CONVERSION = YES;
				CLANG_WARN_OBJC_IMPLICIT_RETAIN_SELF = YES;
				CLANG_WARN_OBJC_LITERAL_CONVERSION = YES;
				CLANG_WARN_OBJC_ROOT_CLASS = YES_ERROR;
				CLANG_WARN_QUOTED_INCLUDE_IN_FRAMEWORK_HEADER = YES;
				CLANG_WARN_RANGE_LOOP_ANALYSIS = YES;
				CLANG_WARN_STRICT_PROTOTYPES = YES;
				CLANG_WARN_SUSPICIOUS_MOVE = YES;
				CLANG_WARN_UNGUARDED_AVAILABILITY = YES_AGGRESSIVE;
				CLANG_WARN_UNREACHABLE_CODE = YES;
				CLANG_WARN__DUPLICATE_METHOD_MATCH = YES;
				COPY_PHASE_STRIP = NO;
				DEBUG_INFORMATION_FORMAT = dwarf;
				ENABLE_STRICT_OBJC_MSGSEND = YES;
				ENABLE_TESTABILITY = YES;
				GCC_C_LANGUAGE_STANDARD = gnu11;
				GCC_DYNAMIC_NO_PIC = NO;
				GCC_NO_COMMON_BLOCKS = YES;
				GCC_OPTIMIZATION_LEVEL = 0;
				GCC_PREPROCESSOR_DEFINITIONS = (
					"DEBUG=1",
					"$(inherited)",
				);
				GCC_WARN_64_TO_32_BIT_CONVERSION = YES;
				GCC_WARN_ABOUT_RETURN_TYPE = YES_ERROR;
				GCC_WARN_UNDECLARED_SELECTOR = YES;
				GCC_WARN_UNINITIALIZED_AUTOS = YES_AGGRESSIVE;
				GCC_WARN_UNUSED_FUNCTION = YES;
				GCC_WARN_UNUSED_VARIABLE = YES;
				IPHONEOS_DEPLOYMENT_TARGET = 14.4;
				MTL_ENABLE_DEBUG_INFO = INCLUDE_SOURCE;
				MTL_FAST_MATH = YES;
				ONLY_ACTIVE_ARCH = YES;
				SDKROOT = iphoneos;
				SWIFT_ACTIVE_COMPILATION_CONDITIONS = DEBUG;
				SWIFT_OPTIMIZATION_LEVEL = "-Onone";
			};
			name = Debug;
		};
		DD9C6750263BDFE200BC40E3 /* Release */ = {
			isa = XCBuildConfiguration;
			buildSettings = {
				ALWAYS_SEARCH_USER_PATHS = NO;
				CLANG_ANALYZER_NONNULL = YES;
				CLANG_ANALYZER_NUMBER_OBJECT_CONVERSION = YES_AGGRESSIVE;
				CLANG_CXX_LANGUAGE_STANDARD = "gnu++14";
				CLANG_CXX_LIBRARY = "libc++";
				CLANG_ENABLE_MODULES = YES;
				CLANG_ENABLE_OBJC_ARC = YES;
				CLANG_ENABLE_OBJC_WEAK = YES;
				CLANG_WARN_BLOCK_CAPTURE_AUTORELEASING = YES;
				CLANG_WARN_BOOL_CONVERSION = YES;
				CLANG_WARN_COMMA = YES;
				CLANG_WARN_CONSTANT_CONVERSION = YES;
				CLANG_WARN_DEPRECATED_OBJC_IMPLEMENTATIONS = YES;
				CLANG_WARN_DIRECT_OBJC_ISA_USAGE = YES_ERROR;
				CLANG_WARN_DOCUMENTATION_COMMENTS = YES;
				CLANG_WARN_EMPTY_BODY = YES;
				CLANG_WARN_ENUM_CONVERSION = YES;
				CLANG_WARN_INFINITE_RECURSION = YES;
				CLANG_WARN_INT_CONVERSION = YES;
				CLANG_WARN_NON_LITERAL_NULL_CONVERSION = YES;
				CLANG_WARN_OBJC_IMPLICIT_RETAIN_SELF = YES;
				CLANG_WARN_OBJC_LITERAL_CONVERSION = YES;
				CLANG_WARN_OBJC_ROOT_CLASS = YES_ERROR;
				CLANG_WARN_QUOTED_INCLUDE_IN_FRAMEWORK_HEADER = YES;
				CLANG_WARN_RANGE_LOOP_ANALYSIS = YES;
				CLANG_WARN_STRICT_PROTOTYPES = YES;
				CLANG_WARN_SUSPICIOUS_MOVE = YES;
				CLANG_WARN_UNGUARDED_AVAILABILITY = YES_AGGRESSIVE;
				CLANG_WARN_UNREACHABLE_CODE = YES;
				CLANG_WARN__DUPLICATE_METHOD_MATCH = YES;
				COPY_PHASE_STRIP = NO;
				DEBUG_INFORMATION_FORMAT = "dwarf-with-dsym";
				ENABLE_NS_ASSERTIONS = NO;
				ENABLE_STRICT_OBJC_MSGSEND = YES;
				GCC_C_LANGUAGE_STANDARD = gnu11;
				GCC_NO_COMMON_BLOCKS = YES;
				GCC_WARN_64_TO_32_BIT_CONVERSION = YES;
				GCC_WARN_ABOUT_RETURN_TYPE = YES_ERROR;
				GCC_WARN_UNDECLARED_SELECTOR = YES;
				GCC_WARN_UNINITIALIZED_AUTOS = YES_AGGRESSIVE;
				GCC_WARN_UNUSED_FUNCTION = YES;
				GCC_WARN_UNUSED_VARIABLE = YES;
				IPHONEOS_DEPLOYMENT_TARGET = 14.4;
				MTL_ENABLE_DEBUG_INFO = NO;
				MTL_FAST_MATH = YES;
				SDKROOT = iphoneos;
				SWIFT_COMPILATION_MODE = wholemodule;
				SWIFT_OPTIMIZATION_LEVEL = "-O";
				VALIDATE_PRODUCT = YES;
			};
			name = Release;
		};
		DD9C6752263BDFE200BC40E3 /* Debug */ = {
			isa = XCBuildConfiguration;
			baseConfigurationReference = D60F674A22CF1C284D9728E6 /* Pods-Spotify.debug.xcconfig */;
			buildSettings = {
				ASSETCATALOG_COMPILER_APPICON_NAME = AppIcon;
				ASSETCATALOG_COMPILER_GLOBAL_ACCENT_COLOR_NAME = AccentColor;
				CODE_SIGN_STYLE = Automatic;
				DEVELOPMENT_TEAM = SWV8287566;
				INFOPLIST_FILE = Spotify/Info.plist;
				LD_RUNPATH_SEARCH_PATHS = (
					"$(inherited)",
					"@executable_path/Frameworks",
				);
				PRODUCT_BUNDLE_IDENTIFIER = Ali.Spotify;
				PRODUCT_NAME = "$(TARGET_NAME)";
				SWIFT_VERSION = 5.0;
				TARGETED_DEVICE_FAMILY = "1,2";
			};
			name = Debug;
		};
		DD9C6753263BDFE200BC40E3 /* Release */ = {
			isa = XCBuildConfiguration;
			baseConfigurationReference = 034BD7A0DE9749F4045AF23B /* Pods-Spotify.release.xcconfig */;
			buildSettings = {
				ASSETCATALOG_COMPILER_APPICON_NAME = AppIcon;
				ASSETCATALOG_COMPILER_GLOBAL_ACCENT_COLOR_NAME = AccentColor;
				CODE_SIGN_STYLE = Automatic;
				DEVELOPMENT_TEAM = SWV8287566;
				INFOPLIST_FILE = Spotify/Info.plist;
				LD_RUNPATH_SEARCH_PATHS = (
					"$(inherited)",
					"@executable_path/Frameworks",
				);
				PRODUCT_BUNDLE_IDENTIFIER = Ali.Spotify;
				PRODUCT_NAME = "$(TARGET_NAME)";
				SWIFT_VERSION = 5.0;
				TARGETED_DEVICE_FAMILY = "1,2";
			};
			name = Release;
		};
/* End XCBuildConfiguration section */

/* Begin XCConfigurationList section */
		DD9C6738263BDFE100BC40E3 /* Build configuration list for PBXProject "Spotify" */ = {
			isa = XCConfigurationList;
			buildConfigurations = (
				DD9C674F263BDFE200BC40E3 /* Debug */,
				DD9C6750263BDFE200BC40E3 /* Release */,
			);
			defaultConfigurationIsVisible = 0;
			defaultConfigurationName = Release;
		};
		DD9C6751263BDFE200BC40E3 /* Build configuration list for PBXNativeTarget "Spotify" */ = {
			isa = XCConfigurationList;
			buildConfigurations = (
				DD9C6752263BDFE200BC40E3 /* Debug */,
				DD9C6753263BDFE200BC40E3 /* Release */,
			);
			defaultConfigurationIsVisible = 0;
			defaultConfigurationName = Release;
		};
/* End XCConfigurationList section */
	};
	rootObject = DD9C6735263BDFE100BC40E3 /* Project object */;
}
